// !$*UTF8*$!
{
	archiveVersion = 1;
	classes = {
	};
	objectVersion = 50;
	objects = {

/* Begin PBXBuildFile section */
		1328F854214ADF7E00CF327F /* AppDelegate.swift in Sources */ = {isa = PBXBuildFile; fileRef = 1328F853214ADF7E00CF327F /* AppDelegate.swift */; };
		1328F859214ADF7E00CF327F /* Main.storyboard in Resources */ = {isa = PBXBuildFile; fileRef = 1328F857214ADF7E00CF327F /* Main.storyboard */; };
		1328F85B214ADF8900CF327F /* Assets.xcassets in Resources */ = {isa = PBXBuildFile; fileRef = 1328F85A214ADF8900CF327F /* Assets.xcassets */; };
		1328F85E214ADF8900CF327F /* LaunchScreen.storyboard in Resources */ = {isa = PBXBuildFile; fileRef = 1328F85C214ADF8900CF327F /* LaunchScreen.storyboard */; };
		1328F866214AF47B00CF327F /* MapViewController.swift in Sources */ = {isa = PBXBuildFile; fileRef = 1328F865214AF47B00CF327F /* MapViewController.swift */; };
		1328F86A214B022E00CF327F /* PhotoViewController.swift in Sources */ = {isa = PBXBuildFile; fileRef = 1328F869214B022E00CF327F /* PhotoViewController.swift */; };
		133862412159EFF700E9DC18 /* PinObject.swift in Sources */ = {isa = PBXBuildFile; fileRef = 133862402159EFF700E9DC18 /* PinObject.swift */; };
		13386243215B2D1400E9DC18 /* GlobalVariables.swift in Sources */ = {isa = PBXBuildFile; fileRef = 13386242215B2D1400E9DC18 /* GlobalVariables.swift */; };
		13538FAA21629A06008F9C3B /* GlobalFunctions.swift in Sources */ = {isa = PBXBuildFile; fileRef = 13538FA921629A06008F9C3B /* GlobalFunctions.swift */; };
		13538FAC2162B55B008F9C3B /* Constants.swift in Sources */ = {isa = PBXBuildFile; fileRef = 13538FAB2162B55B008F9C3B /* Constants.swift */; };
		13538FB12163E2DA008F9C3B /* PhotoCollectionViewCell.swift in Sources */ = {isa = PBXBuildFile; fileRef = 13538FB02163E2DA008F9C3B /* PhotoCollectionViewCell.swift */; };
		13538FB3216423B5008F9C3B /* FlickrClient.swift in Sources */ = {isa = PBXBuildFile; fileRef = 13538FB2216423B5008F9C3B /* FlickrClient.swift */; };
		13538FB9216694D6008F9C3B /* GCD.swift in Sources */ = {isa = PBXBuildFile; fileRef = 13538FB8216694D6008F9C3B /* GCD.swift */; };
		13538FBD2166DD3C008F9C3B /* VirtualTourist.xcdatamodeld in Sources */ = {isa = PBXBuildFile; fileRef = 13538FBB2166DD3C008F9C3B /* VirtualTourist.xcdatamodeld */; };
		13538FBF2167DD61008F9C3B /* DataController.swift in Sources */ = {isa = PBXBuildFile; fileRef = 13538FBE2167DD61008F9C3B /* DataController.swift */; };
/* End PBXBuildFile section */

/* Begin PBXFileReference section */
		1328F850214ADF7E00CF327F /* VirtualTourist.app */ = {isa = PBXFileReference; explicitFileType = wrapper.application; includeInIndex = 0; path = VirtualTourist.app; sourceTree = BUILT_PRODUCTS_DIR; };
		1328F853214ADF7E00CF327F /* AppDelegate.swift */ = {isa = PBXFileReference; lastKnownFileType = sourcecode.swift; path = AppDelegate.swift; sourceTree = "<group>"; };
		1328F858214ADF7E00CF327F /* Base */ = {isa = PBXFileReference; lastKnownFileType = file.storyboard; name = Base; path = Base.lproj/Main.storyboard; sourceTree = "<group>"; };
		1328F85A214ADF8900CF327F /* Assets.xcassets */ = {isa = PBXFileReference; lastKnownFileType = folder.assetcatalog; path = Assets.xcassets; sourceTree = "<group>"; };
		1328F85D214ADF8900CF327F /* Base */ = {isa = PBXFileReference; lastKnownFileType = file.storyboard; name = Base; path = Base.lproj/LaunchScreen.storyboard; sourceTree = "<group>"; };
		1328F85F214ADF8900CF327F /* Info.plist */ = {isa = PBXFileReference; lastKnownFileType = text.plist.xml; path = Info.plist; sourceTree = "<group>"; };
		1328F865214AF47B00CF327F /* MapViewController.swift */ = {isa = PBXFileReference; lastKnownFileType = sourcecode.swift; path = MapViewController.swift; sourceTree = "<group>"; };
		1328F869214B022E00CF327F /* PhotoViewController.swift */ = {isa = PBXFileReference; lastKnownFileType = sourcecode.swift; path = PhotoViewController.swift; sourceTree = "<group>"; };
		133862402159EFF700E9DC18 /* PinObject.swift */ = {isa = PBXFileReference; lastKnownFileType = sourcecode.swift; path = PinObject.swift; sourceTree = "<group>"; };
		13386242215B2D1400E9DC18 /* GlobalVariables.swift */ = {isa = PBXFileReference; lastKnownFileType = sourcecode.swift; path = GlobalVariables.swift; sourceTree = "<group>"; };
		13538FA921629A06008F9C3B /* GlobalFunctions.swift */ = {isa = PBXFileReference; lastKnownFileType = sourcecode.swift; path = GlobalFunctions.swift; sourceTree = "<group>"; };
		13538FAB2162B55B008F9C3B /* Constants.swift */ = {isa = PBXFileReference; lastKnownFileType = sourcecode.swift; path = Constants.swift; sourceTree = "<group>"; };
		13538FB02163E2DA008F9C3B /* PhotoCollectionViewCell.swift */ = {isa = PBXFileReference; lastKnownFileType = sourcecode.swift; path = PhotoCollectionViewCell.swift; sourceTree = "<group>"; };
		13538FB2216423B5008F9C3B /* FlickrClient.swift */ = {isa = PBXFileReference; lastKnownFileType = sourcecode.swift; path = FlickrClient.swift; sourceTree = "<group>"; };
		13538FB8216694D6008F9C3B /* GCD.swift */ = {isa = PBXFileReference; lastKnownFileType = sourcecode.swift; path = GCD.swift; sourceTree = "<group>"; };
		13538FBC2166DD3C008F9C3B /* VirtualTourist.xcdatamodel */ = {isa = PBXFileReference; lastKnownFileType = wrapper.xcdatamodel; path = VirtualTourist.xcdatamodel; sourceTree = "<group>"; };
		13538FBE2167DD61008F9C3B /* DataController.swift */ = {isa = PBXFileReference; lastKnownFileType = sourcecode.swift; path = DataController.swift; sourceTree = "<group>"; };
/* End PBXFileReference section */

/* Begin PBXFrameworksBuildPhase section */
		1328F84D214ADF7E00CF327F /* Frameworks */ = {
			isa = PBXFrameworksBuildPhase;
			buildActionMask = 2147483647;
			files = (
			);
			runOnlyForDeploymentPostprocessing = 0;
		};
/* End PBXFrameworksBuildPhase section */

/* Begin PBXGroup section */
		1328F847214ADF7D00CF327F = {
			isa = PBXGroup;
			children = (
				1328F852214ADF7E00CF327F /* VirtualTourist */,
				1328F851214ADF7E00CF327F /* Products */,
			);
			sourceTree = "<group>";
		};
		1328F851214ADF7E00CF327F /* Products */ = {
			isa = PBXGroup;
			children = (
				1328F850214ADF7E00CF327F /* VirtualTourist.app */,
			);
			name = Products;
			sourceTree = "<group>";
		};
		1328F852214ADF7E00CF327F /* VirtualTourist */ = {
			isa = PBXGroup;
			children = (
				1328F853214ADF7E00CF327F /* AppDelegate.swift */,
				13538FBA2166DCCE008F9C3B /* Model */,
				13538FB8216694D6008F9C3B /* GCD.swift */,
				13538FAF2162BE55008F9C3B /* Client Network */,
				13538FB02163E2DA008F9C3B /* PhotoCollectionViewCell.swift */,
				133862402159EFF700E9DC18 /* PinObject.swift */,
				13538FA921629A06008F9C3B /* GlobalFunctions.swift */,
				13386242215B2D1400E9DC18 /* GlobalVariables.swift */,
				13538FAE2162BCA5008F9C3B /* Views */,
				1328F857214ADF7E00CF327F /* Main.storyboard */,
				1328F85A214ADF8900CF327F /* Assets.xcassets */,
				1328F85C214ADF8900CF327F /* LaunchScreen.storyboard */,
				1328F85F214ADF8900CF327F /* Info.plist */,
			);
			path = VirtualTourist;
			sourceTree = "<group>";
		};
		13538FAE2162BCA5008F9C3B /* Views */ = {
			isa = PBXGroup;
			children = (
				1328F865214AF47B00CF327F /* MapViewController.swift */,
				1328F869214B022E00CF327F /* PhotoViewController.swift */,
			);
			path = Views;
			sourceTree = "<group>";
		};
		13538FAF2162BE55008F9C3B /* Client Network */ = {
			isa = PBXGroup;
			children = (
				13538FAB2162B55B008F9C3B /* Constants.swift */,
				13538FB2216423B5008F9C3B /* FlickrClient.swift */,
			);
			path = "Client Network";
			sourceTree = "<group>";
		};
		13538FBA2166DCCE008F9C3B /* Model */ = {
			isa = PBXGroup;
			children = (
				13538FBB2166DD3C008F9C3B /* VirtualTourist.xcdatamodeld */,
				13538FBE2167DD61008F9C3B /* DataController.swift */,
			);
			path = Model;
			sourceTree = "<group>";
		};
/* End PBXGroup section */

/* Begin PBXNativeTarget section */
		1328F84F214ADF7E00CF327F /* VirtualTourist */ = {
			isa = PBXNativeTarget;
			buildConfigurationList = 1328F862214ADF8900CF327F /* Build configuration list for PBXNativeTarget "VirtualTourist" */;
			buildPhases = (
				1328F84C214ADF7E00CF327F /* Sources */,
				1328F84D214ADF7E00CF327F /* Frameworks */,
				1328F84E214ADF7E00CF327F /* Resources */,
			);
			buildRules = (
			);
			dependencies = (
			);
			name = VirtualTourist;
			productName = VirtualTourist;
			productReference = 1328F850214ADF7E00CF327F /* VirtualTourist.app */;
			productType = "com.apple.product-type.application";
		};
/* End PBXNativeTarget section */

/* Begin PBXProject section */
		1328F848214ADF7D00CF327F /* Project object */ = {
			isa = PBXProject;
			attributes = {
				LastSwiftUpdateCheck = 0940;
				LastUpgradeCheck = 0940;
				ORGANIZATIONNAME = "Bryborg Inc.";
				TargetAttributes = {
					1328F84F214ADF7E00CF327F = {
						CreatedOnToolsVersion = 9.4.1;
					};
				};
			};
			buildConfigurationList = 1328F84B214ADF7D00CF327F /* Build configuration list for PBXProject "VirtualTourist" */;
			compatibilityVersion = "Xcode 9.3";
			developmentRegion = en;
			hasScannedForEncodings = 0;
			knownRegions = (
				en,
				Base,
			);
			mainGroup = 1328F847214ADF7D00CF327F;
			productRefGroup = 1328F851214ADF7E00CF327F /* Products */;
			projectDirPath = "";
			projectRoot = "";
			targets = (
				1328F84F214ADF7E00CF327F /* VirtualTourist */,
			);
		};
/* End PBXProject section */

/* Begin PBXResourcesBuildPhase section */
		1328F84E214ADF7E00CF327F /* Resources */ = {
			isa = PBXResourcesBuildPhase;
			buildActionMask = 2147483647;
			files = (
				1328F85E214ADF8900CF327F /* LaunchScreen.storyboard in Resources */,
				1328F85B214ADF8900CF327F /* Assets.xcassets in Resources */,
				1328F859214ADF7E00CF327F /* Main.storyboard in Resources */,
			);
			runOnlyForDeploymentPostprocessing = 0;
		};
/* End PBXResourcesBuildPhase section */

/* Begin PBXSourcesBuildPhase section */
		1328F84C214ADF7E00CF327F /* Sources */ = {
			isa = PBXSourcesBuildPhase;
			buildActionMask = 2147483647;
			files = (
				13538FB9216694D6008F9C3B /* GCD.swift in Sources */,
				13538FBF2167DD61008F9C3B /* DataController.swift in Sources */,
				133862412159EFF700E9DC18 /* PinObject.swift in Sources */,
				13538FB12163E2DA008F9C3B /* PhotoCollectionViewCell.swift in Sources */,
				1328F866214AF47B00CF327F /* MapViewController.swift in Sources */,
				13538FBD2166DD3C008F9C3B /* VirtualTourist.xcdatamodeld in Sources */,
				13538FAA21629A06008F9C3B /* GlobalFunctions.swift in Sources */,
				1328F854214ADF7E00CF327F /* AppDelegate.swift in Sources */,
				13538FAC2162B55B008F9C3B /* Constants.swift in Sources */,
				1328F86A214B022E00CF327F /* PhotoViewController.swift in Sources */,
				13386243215B2D1400E9DC18 /* GlobalVariables.swift in Sources */,
				13538FB3216423B5008F9C3B /* FlickrClient.swift in Sources */,
			);
			runOnlyForDeploymentPostprocessing = 0;
		};
/* End PBXSourcesBuildPhase section */

/* Begin PBXVariantGroup section */
		1328F857214ADF7E00CF327F /* Main.storyboard */ = {
			isa = PBXVariantGroup;
			children = (
				1328F858214ADF7E00CF327F /* Base */,
			);
			name = Main.storyboard;
			sourceTree = "<group>";
		};
		1328F85C214ADF8900CF327F /* LaunchScreen.storyboard */ = {
			isa = PBXVariantGroup;
			children = (
				1328F85D214ADF8900CF327F /* Base */,
			);
			name = LaunchScreen.storyboard;
			sourceTree = "<group>";
		};
/* End PBXVariantGroup section */

/* Begin XCBuildConfiguration section */
		1328F860214ADF8900CF327F /* Debug */ = {
			isa = XCBuildConfiguration;
			buildSettings = {
				ALWAYS_SEARCH_USER_PATHS = NO;
				CLANG_ANALYZER_NONNULL = YES;
				CLANG_ANALYZER_NUMBER_OBJECT_CONVERSION = YES_AGGRESSIVE;
				CLANG_CXX_LANGUAGE_STANDARD = "gnu++14";
				CLANG_CXX_LIBRARY = "libc++";
				CLANG_ENABLE_MODULES = YES;
				CLANG_ENABLE_OBJC_ARC = YES;
				CLANG_ENABLE_OBJC_WEAK = YES;
				CLANG_WARN_BLOCK_CAPTURE_AUTORELEASING = YES;
				CLANG_WARN_BOOL_CONVERSION = YES;
				CLANG_WARN_COMMA = YES;
				CLANG_WARN_CONSTANT_CONVERSION = YES;
				CLANG_WARN_DEPRECATED_OBJC_IMPLEMENTATIONS = YES;
				CLANG_WARN_DIRECT_OBJC_ISA_USAGE = YES_ERROR;
				CLANG_WARN_DOCUMENTATION_COMMENTS = YES;
				CLANG_WARN_EMPTY_BODY = YES;
				CLANG_WARN_ENUM_CONVERSION = YES;
				CLANG_WARN_INFINITE_RECURSION = YES;
				CLANG_WARN_INT_CONVERSION = YES;
				CLANG_WARN_NON_LITERAL_NULL_CONVERSION = YES;
				CLANG_WARN_OBJC_IMPLICIT_RETAIN_SELF = YES;
				CLANG_WARN_OBJC_LITERAL_CONVERSION = YES;
				CLANG_WARN_OBJC_ROOT_CLASS = YES_ERROR;
				CLANG_WARN_RANGE_LOOP_ANALYSIS = YES;
				CLANG_WARN_STRICT_PROTOTYPES = YES;
				CLANG_WARN_SUSPICIOUS_MOVE = YES;
				CLANG_WARN_UNGUARDED_AVAILABILITY = YES_AGGRESSIVE;
				CLANG_WARN_UNREACHABLE_CODE = YES;
				CLANG_WARN__DUPLICATE_METHOD_MATCH = YES;
				CODE_SIGN_IDENTITY = "iPhone Developer";
				COPY_PHASE_STRIP = NO;
				DEBUG_INFORMATION_FORMAT = dwarf;
				ENABLE_STRICT_OBJC_MSGSEND = YES;
				ENABLE_TESTABILITY = YES;
				GCC_C_LANGUAGE_STANDARD = gnu11;
				GCC_DYNAMIC_NO_PIC = NO;
				GCC_NO_COMMON_BLOCKS = YES;
				GCC_OPTIMIZATION_LEVEL = 0;
				GCC_PREPROCESSOR_DEFINITIONS = (
					"DEBUG=1",
					"$(inherited)",
				);
				GCC_WARN_64_TO_32_BIT_CONVERSION = YES;
				GCC_WARN_ABOUT_RETURN_TYPE = YES_ERROR;
				GCC_WARN_UNDECLARED_SELECTOR = YES;
				GCC_WARN_UNINITIALIZED_AUTOS = YES_AGGRESSIVE;
				GCC_WARN_UNUSED_FUNCTION = YES;
				GCC_WARN_UNUSED_VARIABLE = YES;
				IPHONEOS_DEPLOYMENT_TARGET = 11.4;
				MTL_ENABLE_DEBUG_INFO = YES;
				ONLY_ACTIVE_ARCH = YES;
				SDKROOT = iphoneos;
				SWIFT_ACTIVE_COMPILATION_CONDITIONS = DEBUG;
				SWIFT_OPTIMIZATION_LEVEL = "-Onone";
			};
			name = Debug;
		};
		1328F861214ADF8900CF327F /* Release */ = {
			isa = XCBuildConfiguration;
			buildSettings = {
				ALWAYS_SEARCH_USER_PATHS = NO;
				CLANG_ANALYZER_NONNULL = YES;
				CLANG_ANALYZER_NUMBER_OBJECT_CONVERSION = YES_AGGRESSIVE;
				CLANG_CXX_LANGUAGE_STANDARD = "gnu++14";
				CLANG_CXX_LIBRARY = "libc++";
				CLANG_ENABLE_MODULES = YES;
				CLANG_ENABLE_OBJC_ARC = YES;
				CLANG_ENABLE_OBJC_WEAK = YES;
				CLANG_WARN_BLOCK_CAPTURE_AUTORELEASING = YES;
				CLANG_WARN_BOOL_CONVERSION = YES;
				CLANG_WARN_COMMA = YES;
				CLANG_WARN_CONSTANT_CONVERSION = YES;
				CLANG_WARN_DEPRECATED_OBJC_IMPLEMENTATIONS = YES;
				CLANG_WARN_DIRECT_OBJC_ISA_USAGE = YES_ERROR;
				CLANG_WARN_DOCUMENTATION_COMMENTS = YES;
				CLANG_WARN_EMPTY_BODY = YES;
				CLANG_WARN_ENUM_CONVERSION = YES;
				CLANG_WARN_INFINITE_RECURSION = YES;
				CLANG_WARN_INT_CONVERSION = YES;
				CLANG_WARN_NON_LITERAL_NULL_CONVERSION = YES;
				CLANG_WARN_OBJC_IMPLICIT_RETAIN_SELF = YES;
				CLANG_WARN_OBJC_LITERAL_CONVERSION = YES;
				CLANG_WARN_OBJC_ROOT_CLASS = YES_ERROR;
				CLANG_WARN_RANGE_LOOP_ANALYSIS = YES;
				CLANG_WARN_STRICT_PROTOTYPES = YES;
				CLANG_WARN_SUSPICIOUS_MOVE = YES;
				CLANG_WARN_UNGUARDED_AVAILABILITY = YES_AGGRESSIVE;
				CLANG_WARN_UNREACHABLE_CODE = YES;
				CLANG_WARN__DUPLICATE_METHOD_MATCH = YES;
				CODE_SIGN_IDENTITY = "iPhone Developer";
				COPY_PHASE_STRIP = NO;
				DEBUG_INFORMATION_FORMAT = "dwarf-with-dsym";
				ENABLE_NS_ASSERTIONS = NO;
				ENABLE_STRICT_OBJC_MSGSEND = YES;
				GCC_C_LANGUAGE_STANDARD = gnu11;
				GCC_NO_COMMON_BLOCKS = YES;
				GCC_WARN_64_TO_32_BIT_CONVERSION = YES;
				GCC_WARN_ABOUT_RETURN_TYPE = YES_ERROR;
				GCC_WARN_UNDECLARED_SELECTOR = YES;
				GCC_WARN_UNINITIALIZED_AUTOS = YES_AGGRESSIVE;
				GCC_WARN_UNUSED_FUNCTION = YES;
				GCC_WARN_UNUSED_VARIABLE = YES;
				IPHONEOS_DEPLOYMENT_TARGET = 11.4;
				MTL_ENABLE_DEBUG_INFO = NO;
				SDKROOT = iphoneos;
				SWIFT_COMPILATION_MODE = wholemodule;
				SWIFT_OPTIMIZATION_LEVEL = "-O";
				VALIDATE_PRODUCT = YES;
			};
			name = Release;
		};
		1328F863214ADF8900CF327F /* Debug */ = {
			isa = XCBuildConfiguration;
			buildSettings = {
				ASSETCATALOG_COMPILER_APPICON_NAME = AppIcon;
				CODE_SIGN_STYLE = Automatic;
				DEVELOPMENT_TEAM = 9TP9G62K54;
				INFOPLIST_FILE = VirtualTourist/Info.plist;
				LD_RUNPATH_SEARCH_PATHS = (
					"$(inherited)",
					"@executable_path/Frameworks",
				);
				PRODUCT_BUNDLE_IDENTIFIER = com.bryborg.VirtualTourist;
				PRODUCT_NAME = "$(TARGET_NAME)";
				SWIFT_VERSION = 4.0;
				TARGETED_DEVICE_FAMILY = "1,2";
			};
			name = Debug;
		};
		1328F864214ADF8900CF327F /* Release */ = {
			isa = XCBuildConfiguration;
			buildSettings = {
				ASSETCATALOG_COMPILER_APPICON_NAME = AppIcon;
				CODE_SIGN_STYLE = Automatic;
				DEVELOPMENT_TEAM = 9TP9G62K54;
				INFOPLIST_FILE = VirtualTourist/Info.plist;
				LD_RUNPATH_SEARCH_PATHS = (
					"$(inherited)",
					"@executable_path/Frameworks",
				);
				PRODUCT_BUNDLE_IDENTIFIER = com.bryborg.VirtualTourist;
				PRODUCT_NAME = "$(TARGET_NAME)";
				SWIFT_VERSION = 4.0;
				TARGETED_DEVICE_FAMILY = "1,2";
			};
			name = Release;
		};
/* End XCBuildConfiguration section */

/* Begin XCConfigurationList section */
		1328F84B214ADF7D00CF327F /* Build configuration list for PBXProject "VirtualTourist" */ = {
			isa = XCConfigurationList;
			buildConfigurations = (
				1328F860214ADF8900CF327F /* Debug */,
				1328F861214ADF8900CF327F /* Release */,
			);
			defaultConfigurationIsVisible = 0;
			defaultConfigurationName = Release;
		};
		1328F862214ADF8900CF327F /* Build configuration list for PBXNativeTarget "VirtualTourist" */ = {
			isa = XCConfigurationList;
			buildConfigurations = (
				1328F863214ADF8900CF327F /* Debug */,
				1328F864214ADF8900CF327F /* Release */,
			);
			defaultConfigurationIsVisible = 0;
			defaultConfigurationName = Release;
		};
/* End XCConfigurationList section */

/* Begin XCVersionGroup section */
		13538FBB2166DD3C008F9C3B /* VirtualTourist.xcdatamodeld */ = {
			isa = XCVersionGroup;
			children = (
				13538FBC2166DD3C008F9C3B /* VirtualTourist.xcdatamodel */,
			);
			currentVersion = 13538FBC2166DD3C008F9C3B /* VirtualTourist.xcdatamodel */;
			path = VirtualTourist.xcdatamodeld;
			sourceTree = "<group>";
			versionGroupType = wrapper.xcdatamodel;
		};
/* End XCVersionGroup section */
	};
	rootObject = 1328F848214ADF7D00CF327F /* Project object */;
}
